
Microsoft Visual Studio Solution File, Format Version 12.00
# Visual Studio Version 17
VisualStudioVersion = 17.11.35303.130
MinimumVisualStudioVersion = 10.0.40219.1
Project("{FAE04EC0-301F-11D3-BF4B-00C04F79EFBC}") = "DeskApp.Server", "DeskApp.Server\DeskApp.Server.csproj", "{7B9D2688-000F-4AAA-A77A-88DAB0AF2DE3}"
EndProject
Project("{54A90642-561A-4BB1-A94E-469ADEE60C69}") = "deskapp.client", "deskapp.client\deskapp.client.esproj", "{402F7779-A108-425E-8360-3893078151C5}"
EndProject
Global
	GlobalSection(SolutionConfigurationPlatforms) = preSolution
		Debug|Any CPU = Debug|Any CPU
		Release|Any CPU = Release|Any CPU
	EndGlobalSection
	GlobalSection(ProjectConfigurationPlatforms) = postSolution
		{7B9D2688-000F-4AAA-A77A-88DAB0AF2DE3}.Debug|Any CPU.ActiveCfg = Debug|Any CPU
		{7B9D2688-000F-4AAA-A77A-88DAB0AF2DE3}.Debug|Any CPU.Build.0 = Debug|Any CPU
		{7B9D2688-000F-4AAA-A77A-88DAB0AF2DE3}.Release|Any CPU.ActiveCfg = Release|Any CPU
		{7B9D2688-000F-4AAA-A77A-88DAB0AF2DE3}.Release|Any CPU.Build.0 = Release|Any CPU
		{402F7779-A108-425E-8360-3893078151C5}.Debug|Any CPU.ActiveCfg = Debug|Any CPU
		{402F7779-A108-425E-8360-3893078151C5}.Debug|Any CPU.Build.0 = Debug|Any CPU
		{402F7779-A108-425E-8360-3893078151C5}.Debug|Any CPU.Deploy.0 = Debug|Any CPU
		{402F7779-A108-425E-8360-3893078151C5}.Release|Any CPU.ActiveCfg = Release|Any CPU
		{402F7779-A108-425E-8360-3893078151C5}.Release|Any CPU.Build.0 = Release|Any CPU
		{402F7779-A108-425E-8360-3893078151C5}.Release|Any CPU.Deploy.0 = Release|Any CPU
	EndGlobalSection
	GlobalSection(SolutionProperties) = preSolution
		HideSolutionNode = FALSE
	EndGlobalSection
	GlobalSection(ExtensibilityGlobals) = postSolution
		SolutionGuid = {8787EC8A-5301-42F3-8D1B-EC3DFC457804}
	EndGlobalSection
EndGlobal
